
Microsoft Visual Studio Solution File, Format Version 12.00
# Visual Studio Version 16
VisualStudioVersion = 16.0.29411.138
MinimumVisualStudioVersion = 10.0.40219.1
Project("{FAE04EC0-301F-11D3-BF4B-00C04F79EFBC}") = "SimUDuck", "SimUDuck\SimUDuck.csproj", "{5B4A9003-723A-4B5B-B1CB-634952360BD5}"
EndProject
Project("{FAE04EC0-301F-11D3-BF4B-00C04F79EFBC}") = "Kingdom", "Kingdom\Kingdom.csproj", "{04614613-FB45-4040-AB53-908A73F613BE}"
EndProject
Project("{2150E333-8FDC-42A3-9474-1A3956D46DE8}") = "01. Strategy (Behavioral)", "01. Strategy (Behavioral)", "{9DAC8B61-5D27-4ACE-83CB-D68D374D54E0}"
EndProject
Project("{2150E333-8FDC-42A3-9474-1A3956D46DE8}") = "02. Observer (Behvioral)", "02. Observer (Behvioral)", "{71CEE4B1-C78B-4F0A-9ABB-B4531C1BDAD8}"
EndProject
Project("{2150E333-8FDC-42A3-9474-1A3956D46DE8}") = "05. Singleton (Creational)", "05. Singleton (Creational)", "{FD951693-7C99-490D-B62A-58EDD65418D0}"
EndProject
Project("{FAE04EC0-301F-11D3-BF4B-00C04F79EFBC}") = "ChocolateFactory", "ChocolateFactory\ChocolateFactory.csproj", "{19F908E9-696B-45F3-BB0A-5A1F664C7BCC}"
EndProject
Project("{2150E333-8FDC-42A3-9474-1A3956D46DE8}") = "08. Template (Behavioral)", "08. Template (Behavioral)", "{8C060E48-2E91-42AB-8A2D-E23B347D2CB6}"
EndProject
Project("{9A19103F-16F7-4668-BE54-9A1E7A4F7556}") = "StarbuzzCoffeeBarista", "StarbuzzCoffeeBarista\StarbuzzCoffeeBarista.csproj", "{545DA4DE-361D-4E71-89E7-2B1C47D63FD2}"
EndProject
Project("{9A19103F-16F7-4668-BE54-9A1E7A4F7556}") = "SingletonBasics", "SingletonBasics\SingletonBasics.csproj", "{989EA83A-FFB9-41CC-8281-558AC9A5882D}"
EndProject
Project("{FAE04EC0-301F-11D3-BF4B-00C04F79EFBC}") = "WeatherStation", "WeatherStation\WeatherStation.csproj", "{B2FC3E35-F747-4CD5-86CF-37C6D8BF35DA}"
EndProject
Project("{FAE04EC0-301F-11D3-BF4B-00C04F79EFBC}") = "Utils", "Utils\Utils.csproj", "{CD2F83FD-C646-4446-851D-A9CDB2773DE5}"
EndProject
Project("{2150E333-8FDC-42A3-9474-1A3956D46DE8}") = "00.Common", "00.Common", "{A480A7FD-0F23-4498-80E8-2AD61C93852B}"
EndProject
Project("{2150E333-8FDC-42A3-9474-1A3956D46DE8}") = "03. Decorator (Unknown)", "03. Decorator (Unknown)", "{1B9CCD80-741C-4272-94DE-2450F616335C}"
EndProject
Project("{FAE04EC0-301F-11D3-BF4B-00C04F79EFBC}") = "StarbuzzCoffee", "StarbuzzCoffee\StarbuzzCoffee.csproj", "{2FDF8E6E-BB4D-4991-A1F4-4DDFC32A2F47}"
EndProject
Global
	GlobalSection(SolutionConfigurationPlatforms) = preSolution
		Debug|Any CPU = Debug|Any CPU
		Release|Any CPU = Release|Any CPU
	EndGlobalSection
	GlobalSection(ProjectConfigurationPlatforms) = postSolution
		{5B4A9003-723A-4B5B-B1CB-634952360BD5}.Debug|Any CPU.ActiveCfg = Debug|Any CPU
		{5B4A9003-723A-4B5B-B1CB-634952360BD5}.Debug|Any CPU.Build.0 = Debug|Any CPU
		{5B4A9003-723A-4B5B-B1CB-634952360BD5}.Release|Any CPU.ActiveCfg = Release|Any CPU
		{5B4A9003-723A-4B5B-B1CB-634952360BD5}.Release|Any CPU.Build.0 = Release|Any CPU
		{04614613-FB45-4040-AB53-908A73F613BE}.Debug|Any CPU.ActiveCfg = Debug|Any CPU
		{04614613-FB45-4040-AB53-908A73F613BE}.Debug|Any CPU.Build.0 = Debug|Any CPU
		{04614613-FB45-4040-AB53-908A73F613BE}.Release|Any CPU.ActiveCfg = Release|Any CPU
		{04614613-FB45-4040-AB53-908A73F613BE}.Release|Any CPU.Build.0 = Release|Any CPU
		{19F908E9-696B-45F3-BB0A-5A1F664C7BCC}.Debug|Any CPU.ActiveCfg = Debug|Any CPU
		{19F908E9-696B-45F3-BB0A-5A1F664C7BCC}.Debug|Any CPU.Build.0 = Debug|Any CPU
		{19F908E9-696B-45F3-BB0A-5A1F664C7BCC}.Release|Any CPU.ActiveCfg = Release|Any CPU
		{19F908E9-696B-45F3-BB0A-5A1F664C7BCC}.Release|Any CPU.Build.0 = Release|Any CPU
		{545DA4DE-361D-4E71-89E7-2B1C47D63FD2}.Debug|Any CPU.ActiveCfg = Debug|Any CPU
		{545DA4DE-361D-4E71-89E7-2B1C47D63FD2}.Debug|Any CPU.Build.0 = Debug|Any CPU
		{545DA4DE-361D-4E71-89E7-2B1C47D63FD2}.Release|Any CPU.ActiveCfg = Release|Any CPU
		{545DA4DE-361D-4E71-89E7-2B1C47D63FD2}.Release|Any CPU.Build.0 = Release|Any CPU
		{989EA83A-FFB9-41CC-8281-558AC9A5882D}.Debug|Any CPU.ActiveCfg = Debug|Any CPU
		{989EA83A-FFB9-41CC-8281-558AC9A5882D}.Debug|Any CPU.Build.0 = Debug|Any CPU
		{989EA83A-FFB9-41CC-8281-558AC9A5882D}.Release|Any CPU.ActiveCfg = Release|Any CPU
		{989EA83A-FFB9-41CC-8281-558AC9A5882D}.Release|Any CPU.Build.0 = Release|Any CPU
		{B2FC3E35-F747-4CD5-86CF-37C6D8BF35DA}.Debug|Any CPU.ActiveCfg = Debug|Any CPU
		{B2FC3E35-F747-4CD5-86CF-37C6D8BF35DA}.Debug|Any CPU.Build.0 = Debug|Any CPU
		{B2FC3E35-F747-4CD5-86CF-37C6D8BF35DA}.Release|Any CPU.ActiveCfg = Release|Any CPU
		{B2FC3E35-F747-4CD5-86CF-37C6D8BF35DA}.Release|Any CPU.Build.0 = Release|Any CPU
		{CD2F83FD-C646-4446-851D-A9CDB2773DE5}.Debug|Any CPU.ActiveCfg = Debug|Any CPU
		{CD2F83FD-C646-4446-851D-A9CDB2773DE5}.Debug|Any CPU.Build.0 = Debug|Any CPU
		{CD2F83FD-C646-4446-851D-A9CDB2773DE5}.Release|Any CPU.ActiveCfg = Release|Any CPU
		{CD2F83FD-C646-4446-851D-A9CDB2773DE5}.Release|Any CPU.Build.0 = Release|Any CPU
		{2FDF8E6E-BB4D-4991-A1F4-4DDFC32A2F47}.Debug|Any CPU.ActiveCfg = Debug|Any CPU
		{2FDF8E6E-BB4D-4991-A1F4-4DDFC32A2F47}.Debug|Any CPU.Build.0 = Debug|Any CPU
		{2FDF8E6E-BB4D-4991-A1F4-4DDFC32A2F47}.Release|Any CPU.ActiveCfg = Release|Any CPU
		{2FDF8E6E-BB4D-4991-A1F4-4DDFC32A2F47}.Release|Any CPU.Build.0 = Release|Any CPU
	EndGlobalSection
	GlobalSection(SolutionProperties) = preSolution
		HideSolutionNode = FALSE
	EndGlobalSection
	GlobalSection(NestedProjects) = preSolution
		{5B4A9003-723A-4B5B-B1CB-634952360BD5} = {9DAC8B61-5D27-4ACE-83CB-D68D374D54E0}
		{04614613-FB45-4040-AB53-908A73F613BE} = {9DAC8B61-5D27-4ACE-83CB-D68D374D54E0}
		{19F908E9-696B-45F3-BB0A-5A1F664C7BCC} = {FD951693-7C99-490D-B62A-58EDD65418D0}
		{545DA4DE-361D-4E71-89E7-2B1C47D63FD2} = {8C060E48-2E91-42AB-8A2D-E23B347D2CB6}
		{989EA83A-FFB9-41CC-8281-558AC9A5882D} = {FD951693-7C99-490D-B62A-58EDD65418D0}
		{B2FC3E35-F747-4CD5-86CF-37C6D8BF35DA} = {71CEE4B1-C78B-4F0A-9ABB-B4531C1BDAD8}
		{CD2F83FD-C646-4446-851D-A9CDB2773DE5} = {A480A7FD-0F23-4498-80E8-2AD61C93852B}
		{2FDF8E6E-BB4D-4991-A1F4-4DDFC32A2F47} = {1B9CCD80-741C-4272-94DE-2450F616335C}
	EndGlobalSection
	GlobalSection(ExtensibilityGlobals) = postSolution
		SolutionGuid = {96F967B1-A6AA-4B0B-BABA-3C442EE9DA56}
	EndGlobalSection
EndGlobal
