
Microsoft Visual Studio Solution File, Format Version 12.00
# Visual Studio Version 16
VisualStudioVersion = 16.0.30223.230
MinimumVisualStudioVersion = 10.0.40219.1
Project("{2150E333-8FDC-42A3-9474-1A3956D46DE8}") = "src", "src", "{27BA65F2-8E40-4390-A3BC-16A2F2E293E6}"
EndProject
Project("{9A19103F-16F7-4668-BE54-9A1E7A4F7556}") = "Command.Conceptual", "src\Behavioral\Command\Command.Conceptual\Command.Conceptual.csproj", "{142080DD-988E-482E-B91A-79393A00FAB8}"
EndProject
Project("{2150E333-8FDC-42A3-9474-1A3956D46DE8}") = "Behavioral", "Behavioral", "{CEAD6609-05A2-4556-AE01-DEBB3A1750FA}"
EndProject
Project("{2150E333-8FDC-42A3-9474-1A3956D46DE8}") = "Command", "Command", "{B6BA044F-FCE6-4806-9FA2-020B277D3811}"
EndProject
Project("{9A19103F-16F7-4668-BE54-9A1E7A4F7556}") = "RemoteControlAPI", "src\Behavioral\Command\RemoteControlAPI\RemoteControlAPI.csproj", "{4A6B35BF-1F02-4274-B93C-97EB036F71FC}"
EndProject
Project("{9A19103F-16F7-4668-BE54-9A1E7A4F7556}") = "TextEditorApp", "src\Behavioral\Command\TextEditorApp\TextEditorApp.csproj", "{3A422E71-5893-4041-A96F-2B16F8F27262}"
EndProject
Project("{2150E333-8FDC-42A3-9474-1A3956D46DE8}") = "Iterator", "Iterator", "{CD307734-3165-4B57-9AC0-210BC9E9C08B}"
EndProject
Project("{2150E333-8FDC-42A3-9474-1A3956D46DE8}") = "Observer", "Observer", "{D3A32386-305D-4194-AA6F-F8BA09352FBB}"
EndProject
Project("{2150E333-8FDC-42A3-9474-1A3956D46DE8}") = "PublishSubscribe", "PublishSubscribe", "{BC263DFF-DA8B-4EBC-806B-F3A362862DFE}"
EndProject
Project("{2150E333-8FDC-42A3-9474-1A3956D46DE8}") = "Strategy", "Strategy", "{566577F8-A069-4CE1-9CD4-163FCE58B299}"
EndProject
Project("{2150E333-8FDC-42A3-9474-1A3956D46DE8}") = "Template", "Template", "{468C4B34-7A60-4D89-8AF3-0CC440DB29C9}"
EndProject
Project("{2150E333-8FDC-42A3-9474-1A3956D46DE8}") = "Intermediate", "Intermediate", "{88BCA56E-94EE-4D62-B282-9486509ADE75}"
EndProject
Project("{9A19103F-16F7-4668-BE54-9A1E7A4F7556}") = "SocialNetworkSpammer", "src\Behavioral\Iterator\Intermediate\SocialNetworkSpammer\SocialNetworkSpammer.csproj", "{5467B647-FE2E-4A89-8A3A-E218A69776C1}"
EndProject
Project("{9A19103F-16F7-4668-BE54-9A1E7A4F7556}") = "YummyHouse", "src\Behavioral\Iterator\Intermediate\YummyHouse\YummyHouse.csproj", "{5FD28593-E886-4EF7-AEF7-6DF584807E39}"
EndProject
Project("{9A19103F-16F7-4668-BE54-9A1E7A4F7556}") = "Observer.Conceptual", "src\Behavioral\Observer\Observer.Conceptual\Observer.Conceptual.csproj", "{5C6C0BC6-8D13-40D2-87F3-507400196699}"
EndProject
Project("{9A19103F-16F7-4668-BE54-9A1E7A4F7556}") = "WeatherStation", "src\Behavioral\Observer\WeatherStation\WeatherStation.csproj", "{3990D883-7110-4616-825C-B0165A0A0A8F}"
EndProject
Project("{9A19103F-16F7-4668-BE54-9A1E7A4F7556}") = "PublishSubscribe.Conceptual", "src\Behavioral\PublishSubscribe\PublishSubscribe.Conceptual\PublishSubscribe.Conceptual.csproj", "{31CB82F0-0B1D-424A-A435-2FC63AE6D39A}"
EndProject
Project("{FAE04EC0-301F-11D3-BF4B-00C04F79EFBC}") = "Kingdom", "src\Behavioral\Strategy\Intermediate\Kingdom\Kingdom.csproj", "{04614613-FB45-4040-AB53-908A73F613BE}"
EndProject
Project("{FAE04EC0-301F-11D3-BF4B-00C04F79EFBC}") = "SimUDuck", "src\Behavioral\Strategy\Intermediate\SimUDuck\SimUDuck.csproj", "{5B4A9003-723A-4B5B-B1CB-634952360BD5}"
EndProject
Project("{2150E333-8FDC-42A3-9474-1A3956D46DE8}") = "Intermediate", "Intermediate", "{E86672B3-211E-49EA-8717-B103502BE119}"
EndProject
Project("{9A19103F-16F7-4668-BE54-9A1E7A4F7556}") = "StarbuzzCoffeeBarista", "src\Behavioral\Template\StarbuzzCoffeeBarista\StarbuzzCoffeeBarista.csproj", "{9894E7E7-D601-441A-A778-D5092A6F20E9}"
EndProject
Project("{9A19103F-16F7-4668-BE54-9A1E7A4F7556}") = "DP.Common", "src\DP.Common\DP.Common.csproj", "{99120448-8635-48CB-A96B-14B3BEAE1D19}"
EndProject
Project("{2150E333-8FDC-42A3-9474-1A3956D46DE8}") = "Creational", "Creational", "{19FFB2B9-7C77-4605-89E4-3B6D5A035D94}"
EndProject
Project("{2150E333-8FDC-42A3-9474-1A3956D46DE8}") = "Structural", "Structural", "{4FE3ADAD-3EAF-45DC-9EFC-84E22399A0EF}"
EndProject
Project("{9A19103F-16F7-4668-BE54-9A1E7A4F7556}") = "AbstractFactory.Conceptual", "src\Creational\AbstractFactory\AbstractFactory.Conceptual\AbstractFactory.Conceptual.csproj", "{B24260EE-F7BE-4E85-8799-1CE6778E9FFC}"
EndProject
Project("{9A19103F-16F7-4668-BE54-9A1E7A4F7556}") = "FurnitureShop", "src\Creational\AbstractFactory\FurnitureShop\FurnitureShop.csproj", "{48B53628-482A-4230-A0F8-2CFCCDA99312}"
EndProject
Project("{2150E333-8FDC-42A3-9474-1A3956D46DE8}") = "AbstractFactory", "AbstractFactory", "{A571FFC9-59AE-4EBF-B037-7B8D5F37DFAC}"
EndProject
Project("{2150E333-8FDC-42A3-9474-1A3956D46DE8}") = "Factory", "Factory", "{6A73D302-B076-4F2D-810B-2992B81E5F17}"
EndProject
Project("{2150E333-8FDC-42A3-9474-1A3956D46DE8}") = "Prototype", "Prototype", "{E1320036-10D2-4689-9E8D-54DA928A6834}"
EndProject
Project("{2150E333-8FDC-42A3-9474-1A3956D46DE8}") = "Singleton", "Singleton", "{EB273815-0D7E-4EE5-B83A-FD7FDDB67015}"
EndProject
Project("{2150E333-8FDC-42A3-9474-1A3956D46DE8}") = "Intermediate", "Intermediate", "{4BB59F70-14C1-48E9-A7C6-5FF997F149E4}"
EndProject
Project("{9A19103F-16F7-4668-BE54-9A1E7A4F7556}") = "LogisticsManagement", "src\Creational\Factory\Advance\LogisticsManagement\LogisticsManagement.csproj", "{A82B52BB-F32E-443A-B4C5-B94D25585619}"
EndProject
Project("{9A19103F-16F7-4668-BE54-9A1E7A4F7556}") = "MailDelivery", "src\Creational\Factory\Advance\MailDelivery\MailDelivery.csproj", "{1C335B57-7FAE-4937-A9FF-AE35ED157FA1}"
EndProject
Project("{9A19103F-16F7-4668-BE54-9A1E7A4F7556}") = "PizzaLab", "src\Creational\Factory\Advance\PizzaLab\PizzaLab.csproj", "{82D492CD-4C8A-4CD0-8659-4279CEA271AF}"
EndProject
Project("{9A19103F-16F7-4668-BE54-9A1E7A4F7556}") = "Strategy.Conceptual", "src\Behavioral\Strategy\Strategy.Conceptual\Strategy.Conceptual.csproj", "{D6CEACA6-A562-4CE3-9021-9F14063A5C5C}"
EndProject
Project("{9A19103F-16F7-4668-BE54-9A1E7A4F7556}") = "Iterator.Conceptual", "src\Behavioral\Iterator\Iterator.Conceptual\Iterator.Conceptual.csproj", "{A9D6613C-73E1-4C69-AEEC-66617651FC0B}"
EndProject
Project("{9A19103F-16F7-4668-BE54-9A1E7A4F7556}") = "FactoryMethod.Conceptual", "src\Creational\Factory\FactoryMethod.Conceptual\FactoryMethod.Conceptual.csproj", "{EC6BC6EB-4F50-4DDC-91AE-51472FB935A3}"
EndProject
Project("{9A19103F-16F7-4668-BE54-9A1E7A4F7556}") = "Prototype.Conceptual", "src\Creational\Prototype\Prototype.Conceptual\Prototype.Conceptual.csproj", "{B42B6A32-01F5-48D9-B86D-A89BF0243122}"
EndProject
Project("{FAE04EC0-301F-11D3-BF4B-00C04F79EFBC}") = "ChocolateFactory", "src\Creational\Singleton\ChocolateFactory\ChocolateFactory.csproj", "{19F908E9-696B-45F3-BB0A-5A1F664C7BCC}"
EndProject
Project("{9A19103F-16F7-4668-BE54-9A1E7A4F7556}") = "SingletonBasics", "src\Creational\Singleton\SingletonBasics\SingletonBasics.csproj", "{3F981E7F-F75A-4DF5-B862-175F0CF98EC3}"
EndProject
Project("{2150E333-8FDC-42A3-9474-1A3956D46DE8}") = "Decorator", "Decorator", "{D2ACE3BD-B572-4C94-ADEF-3737FAF9AE2B}"
EndProject
Project("{2150E333-8FDC-42A3-9474-1A3956D46DE8}") = "Proxy", "Proxy", "{13A37D24-D393-40A4-BF6D-6B3EC950369C}"
EndProject
Project("{9A19103F-16F7-4668-BE54-9A1E7A4F7556}") = "Decorator.Conceptual", "src\Structural\Decorator\Decorator.Conceptual\Decorator.Conceptual.csproj", "{63A693EA-067D-4D04-A6A2-B9FD86BF6A28}"
EndProject
Project("{2150E333-8FDC-42A3-9474-1A3956D46DE8}") = "Intermediate", "Intermediate", "{00F6DED8-99BE-47BB-AF94-CC78C6CFB3FE}"
EndProject
Project("{9A19103F-16F7-4668-BE54-9A1E7A4F7556}") = "DataSaviour", "src\Structural\Decorator\Intermediate\DataSaviour\DataSaviour.csproj", "{FC7E4622-03EC-48AB-B724-8C777AA1AD04}"
EndProject
Project("{9A19103F-16F7-4668-BE54-9A1E7A4F7556}") = "ShopOrders", "src\Structural\Decorator\Intermediate\ShopOrders\ShopOrders.csproj", "{E3E9E030-C634-4BFA-B3E2-868BC1966715}"
EndProject
Project("{9A19103F-16F7-4668-BE54-9A1E7A4F7556}") = "StarbuzzCoffee", "src\Structural\Decorator\Intermediate\StarbuzzCoffee\StarbuzzCoffee.csproj", "{020DD268-A5F5-4D84-9F8D-64D3FA7FBD45}"
EndProject
Project("{9A19103F-16F7-4668-BE54-9A1E7A4F7556}") = "Proxy.Conceptual", "src\Structural\Proxy\Proxy.Conceptual\Proxy.Conceptual.csproj", "{3F3950BE-0415-4DC7-AFFC-1A66353C8FB8}"
EndProject
Global
	GlobalSection(SolutionConfigurationPlatforms) = preSolution
		Debug|Any CPU = Debug|Any CPU
		Release|Any CPU = Release|Any CPU
	EndGlobalSection
	GlobalSection(ProjectConfigurationPlatforms) = postSolution
		{142080DD-988E-482E-B91A-79393A00FAB8}.Debug|Any CPU.ActiveCfg = Debug|Any CPU
		{142080DD-988E-482E-B91A-79393A00FAB8}.Debug|Any CPU.Build.0 = Debug|Any CPU
		{142080DD-988E-482E-B91A-79393A00FAB8}.Release|Any CPU.ActiveCfg = Release|Any CPU
		{142080DD-988E-482E-B91A-79393A00FAB8}.Release|Any CPU.Build.0 = Release|Any CPU
		{4A6B35BF-1F02-4274-B93C-97EB036F71FC}.Debug|Any CPU.ActiveCfg = Debug|Any CPU
		{4A6B35BF-1F02-4274-B93C-97EB036F71FC}.Debug|Any CPU.Build.0 = Debug|Any CPU
		{4A6B35BF-1F02-4274-B93C-97EB036F71FC}.Release|Any CPU.ActiveCfg = Release|Any CPU
		{4A6B35BF-1F02-4274-B93C-97EB036F71FC}.Release|Any CPU.Build.0 = Release|Any CPU
		{3A422E71-5893-4041-A96F-2B16F8F27262}.Debug|Any CPU.ActiveCfg = Debug|Any CPU
		{3A422E71-5893-4041-A96F-2B16F8F27262}.Debug|Any CPU.Build.0 = Debug|Any CPU
		{3A422E71-5893-4041-A96F-2B16F8F27262}.Release|Any CPU.ActiveCfg = Release|Any CPU
		{3A422E71-5893-4041-A96F-2B16F8F27262}.Release|Any CPU.Build.0 = Release|Any CPU
		{5467B647-FE2E-4A89-8A3A-E218A69776C1}.Debug|Any CPU.ActiveCfg = Debug|Any CPU
		{5467B647-FE2E-4A89-8A3A-E218A69776C1}.Debug|Any CPU.Build.0 = Debug|Any CPU
		{5467B647-FE2E-4A89-8A3A-E218A69776C1}.Release|Any CPU.ActiveCfg = Release|Any CPU
		{5467B647-FE2E-4A89-8A3A-E218A69776C1}.Release|Any CPU.Build.0 = Release|Any CPU
		{5FD28593-E886-4EF7-AEF7-6DF584807E39}.Debug|Any CPU.ActiveCfg = Debug|Any CPU
		{5FD28593-E886-4EF7-AEF7-6DF584807E39}.Debug|Any CPU.Build.0 = Debug|Any CPU
		{5FD28593-E886-4EF7-AEF7-6DF584807E39}.Release|Any CPU.ActiveCfg = Release|Any CPU
		{5FD28593-E886-4EF7-AEF7-6DF584807E39}.Release|Any CPU.Build.0 = Release|Any CPU
		{5C6C0BC6-8D13-40D2-87F3-507400196699}.Debug|Any CPU.ActiveCfg = Debug|Any CPU
		{5C6C0BC6-8D13-40D2-87F3-507400196699}.Debug|Any CPU.Build.0 = Debug|Any CPU
		{5C6C0BC6-8D13-40D2-87F3-507400196699}.Release|Any CPU.ActiveCfg = Release|Any CPU
		{5C6C0BC6-8D13-40D2-87F3-507400196699}.Release|Any CPU.Build.0 = Release|Any CPU
		{3990D883-7110-4616-825C-B0165A0A0A8F}.Debug|Any CPU.ActiveCfg = Debug|Any CPU
		{3990D883-7110-4616-825C-B0165A0A0A8F}.Debug|Any CPU.Build.0 = Debug|Any CPU
		{3990D883-7110-4616-825C-B0165A0A0A8F}.Release|Any CPU.ActiveCfg = Release|Any CPU
		{3990D883-7110-4616-825C-B0165A0A0A8F}.Release|Any CPU.Build.0 = Release|Any CPU
		{31CB82F0-0B1D-424A-A435-2FC63AE6D39A}.Debug|Any CPU.ActiveCfg = Debug|Any CPU
		{31CB82F0-0B1D-424A-A435-2FC63AE6D39A}.Debug|Any CPU.Build.0 = Debug|Any CPU
		{31CB82F0-0B1D-424A-A435-2FC63AE6D39A}.Release|Any CPU.ActiveCfg = Release|Any CPU
		{31CB82F0-0B1D-424A-A435-2FC63AE6D39A}.Release|Any CPU.Build.0 = Release|Any CPU
		{04614613-FB45-4040-AB53-908A73F613BE}.Debug|Any CPU.ActiveCfg = Debug|Any CPU
		{04614613-FB45-4040-AB53-908A73F613BE}.Debug|Any CPU.Build.0 = Debug|Any CPU
		{04614613-FB45-4040-AB53-908A73F613BE}.Release|Any CPU.ActiveCfg = Release|Any CPU
		{04614613-FB45-4040-AB53-908A73F613BE}.Release|Any CPU.Build.0 = Release|Any CPU
		{5B4A9003-723A-4B5B-B1CB-634952360BD5}.Debug|Any CPU.ActiveCfg = Debug|Any CPU
		{5B4A9003-723A-4B5B-B1CB-634952360BD5}.Debug|Any CPU.Build.0 = Debug|Any CPU
		{5B4A9003-723A-4B5B-B1CB-634952360BD5}.Release|Any CPU.ActiveCfg = Release|Any CPU
		{5B4A9003-723A-4B5B-B1CB-634952360BD5}.Release|Any CPU.Build.0 = Release|Any CPU
		{9894E7E7-D601-441A-A778-D5092A6F20E9}.Debug|Any CPU.ActiveCfg = Debug|Any CPU
		{9894E7E7-D601-441A-A778-D5092A6F20E9}.Debug|Any CPU.Build.0 = Debug|Any CPU
		{9894E7E7-D601-441A-A778-D5092A6F20E9}.Release|Any CPU.ActiveCfg = Release|Any CPU
		{9894E7E7-D601-441A-A778-D5092A6F20E9}.Release|Any CPU.Build.0 = Release|Any CPU
		{99120448-8635-48CB-A96B-14B3BEAE1D19}.Debug|Any CPU.ActiveCfg = Debug|Any CPU
		{99120448-8635-48CB-A96B-14B3BEAE1D19}.Debug|Any CPU.Build.0 = Debug|Any CPU
		{99120448-8635-48CB-A96B-14B3BEAE1D19}.Release|Any CPU.ActiveCfg = Release|Any CPU
		{99120448-8635-48CB-A96B-14B3BEAE1D19}.Release|Any CPU.Build.0 = Release|Any CPU
		{B24260EE-F7BE-4E85-8799-1CE6778E9FFC}.Debug|Any CPU.ActiveCfg = Debug|Any CPU
		{B24260EE-F7BE-4E85-8799-1CE6778E9FFC}.Debug|Any CPU.Build.0 = Debug|Any CPU
		{B24260EE-F7BE-4E85-8799-1CE6778E9FFC}.Release|Any CPU.ActiveCfg = Release|Any CPU
		{B24260EE-F7BE-4E85-8799-1CE6778E9FFC}.Release|Any CPU.Build.0 = Release|Any CPU
		{48B53628-482A-4230-A0F8-2CFCCDA99312}.Debug|Any CPU.ActiveCfg = Debug|Any CPU
		{48B53628-482A-4230-A0F8-2CFCCDA99312}.Debug|Any CPU.Build.0 = Debug|Any CPU
		{48B53628-482A-4230-A0F8-2CFCCDA99312}.Release|Any CPU.ActiveCfg = Release|Any CPU
		{48B53628-482A-4230-A0F8-2CFCCDA99312}.Release|Any CPU.Build.0 = Release|Any CPU
		{A82B52BB-F32E-443A-B4C5-B94D25585619}.Debug|Any CPU.ActiveCfg = Debug|Any CPU
		{A82B52BB-F32E-443A-B4C5-B94D25585619}.Debug|Any CPU.Build.0 = Debug|Any CPU
		{A82B52BB-F32E-443A-B4C5-B94D25585619}.Release|Any CPU.ActiveCfg = Release|Any CPU
		{A82B52BB-F32E-443A-B4C5-B94D25585619}.Release|Any CPU.Build.0 = Release|Any CPU
		{1C335B57-7FAE-4937-A9FF-AE35ED157FA1}.Debug|Any CPU.ActiveCfg = Debug|Any CPU
		{1C335B57-7FAE-4937-A9FF-AE35ED157FA1}.Debug|Any CPU.Build.0 = Debug|Any CPU
		{1C335B57-7FAE-4937-A9FF-AE35ED157FA1}.Release|Any CPU.ActiveCfg = Release|Any CPU
		{1C335B57-7FAE-4937-A9FF-AE35ED157FA1}.Release|Any CPU.Build.0 = Release|Any CPU
		{82D492CD-4C8A-4CD0-8659-4279CEA271AF}.Debug|Any CPU.ActiveCfg = Debug|Any CPU
		{82D492CD-4C8A-4CD0-8659-4279CEA271AF}.Debug|Any CPU.Build.0 = Debug|Any CPU
		{82D492CD-4C8A-4CD0-8659-4279CEA271AF}.Release|Any CPU.ActiveCfg = Release|Any CPU
		{82D492CD-4C8A-4CD0-8659-4279CEA271AF}.Release|Any CPU.Build.0 = Release|Any CPU
		{D6CEACA6-A562-4CE3-9021-9F14063A5C5C}.Debug|Any CPU.ActiveCfg = Debug|Any CPU
		{D6CEACA6-A562-4CE3-9021-9F14063A5C5C}.Debug|Any CPU.Build.0 = Debug|Any CPU
		{D6CEACA6-A562-4CE3-9021-9F14063A5C5C}.Release|Any CPU.ActiveCfg = Release|Any CPU
		{D6CEACA6-A562-4CE3-9021-9F14063A5C5C}.Release|Any CPU.Build.0 = Release|Any CPU
		{A9D6613C-73E1-4C69-AEEC-66617651FC0B}.Debug|Any CPU.ActiveCfg = Debug|Any CPU
		{A9D6613C-73E1-4C69-AEEC-66617651FC0B}.Debug|Any CPU.Build.0 = Debug|Any CPU
		{A9D6613C-73E1-4C69-AEEC-66617651FC0B}.Release|Any CPU.ActiveCfg = Release|Any CPU
		{A9D6613C-73E1-4C69-AEEC-66617651FC0B}.Release|Any CPU.Build.0 = Release|Any CPU
		{EC6BC6EB-4F50-4DDC-91AE-51472FB935A3}.Debug|Any CPU.ActiveCfg = Debug|Any CPU
		{EC6BC6EB-4F50-4DDC-91AE-51472FB935A3}.Debug|Any CPU.Build.0 = Debug|Any CPU
		{EC6BC6EB-4F50-4DDC-91AE-51472FB935A3}.Release|Any CPU.ActiveCfg = Release|Any CPU
		{EC6BC6EB-4F50-4DDC-91AE-51472FB935A3}.Release|Any CPU.Build.0 = Release|Any CPU
		{B42B6A32-01F5-48D9-B86D-A89BF0243122}.Debug|Any CPU.ActiveCfg = Debug|Any CPU
		{B42B6A32-01F5-48D9-B86D-A89BF0243122}.Debug|Any CPU.Build.0 = Debug|Any CPU
		{B42B6A32-01F5-48D9-B86D-A89BF0243122}.Release|Any CPU.ActiveCfg = Release|Any CPU
		{B42B6A32-01F5-48D9-B86D-A89BF0243122}.Release|Any CPU.Build.0 = Release|Any CPU
		{19F908E9-696B-45F3-BB0A-5A1F664C7BCC}.Debug|Any CPU.ActiveCfg = Debug|Any CPU
		{19F908E9-696B-45F3-BB0A-5A1F664C7BCC}.Debug|Any CPU.Build.0 = Debug|Any CPU
		{19F908E9-696B-45F3-BB0A-5A1F664C7BCC}.Release|Any CPU.ActiveCfg = Release|Any CPU
		{19F908E9-696B-45F3-BB0A-5A1F664C7BCC}.Release|Any CPU.Build.0 = Release|Any CPU
		{3F981E7F-F75A-4DF5-B862-175F0CF98EC3}.Debug|Any CPU.ActiveCfg = Debug|Any CPU
		{3F981E7F-F75A-4DF5-B862-175F0CF98EC3}.Debug|Any CPU.Build.0 = Debug|Any CPU
		{3F981E7F-F75A-4DF5-B862-175F0CF98EC3}.Release|Any CPU.ActiveCfg = Release|Any CPU
		{3F981E7F-F75A-4DF5-B862-175F0CF98EC3}.Release|Any CPU.Build.0 = Release|Any CPU
		{63A693EA-067D-4D04-A6A2-B9FD86BF6A28}.Debug|Any CPU.ActiveCfg = Debug|Any CPU
		{63A693EA-067D-4D04-A6A2-B9FD86BF6A28}.Debug|Any CPU.Build.0 = Debug|Any CPU
		{63A693EA-067D-4D04-A6A2-B9FD86BF6A28}.Release|Any CPU.ActiveCfg = Release|Any CPU
		{63A693EA-067D-4D04-A6A2-B9FD86BF6A28}.Release|Any CPU.Build.0 = Release|Any CPU
		{FC7E4622-03EC-48AB-B724-8C777AA1AD04}.Debug|Any CPU.ActiveCfg = Debug|Any CPU
		{FC7E4622-03EC-48AB-B724-8C777AA1AD04}.Debug|Any CPU.Build.0 = Debug|Any CPU
		{FC7E4622-03EC-48AB-B724-8C777AA1AD04}.Release|Any CPU.ActiveCfg = Release|Any CPU
		{FC7E4622-03EC-48AB-B724-8C777AA1AD04}.Release|Any CPU.Build.0 = Release|Any CPU
		{E3E9E030-C634-4BFA-B3E2-868BC1966715}.Debug|Any CPU.ActiveCfg = Debug|Any CPU
		{E3E9E030-C634-4BFA-B3E2-868BC1966715}.Debug|Any CPU.Build.0 = Debug|Any CPU
		{E3E9E030-C634-4BFA-B3E2-868BC1966715}.Release|Any CPU.ActiveCfg = Release|Any CPU
		{E3E9E030-C634-4BFA-B3E2-868BC1966715}.Release|Any CPU.Build.0 = Release|Any CPU
		{020DD268-A5F5-4D84-9F8D-64D3FA7FBD45}.Debug|Any CPU.ActiveCfg = Debug|Any CPU
		{020DD268-A5F5-4D84-9F8D-64D3FA7FBD45}.Debug|Any CPU.Build.0 = Debug|Any CPU
		{020DD268-A5F5-4D84-9F8D-64D3FA7FBD45}.Release|Any CPU.ActiveCfg = Release|Any CPU
		{020DD268-A5F5-4D84-9F8D-64D3FA7FBD45}.Release|Any CPU.Build.0 = Release|Any CPU
		{3F3950BE-0415-4DC7-AFFC-1A66353C8FB8}.Debug|Any CPU.ActiveCfg = Debug|Any CPU
		{3F3950BE-0415-4DC7-AFFC-1A66353C8FB8}.Debug|Any CPU.Build.0 = Debug|Any CPU
		{3F3950BE-0415-4DC7-AFFC-1A66353C8FB8}.Release|Any CPU.ActiveCfg = Release|Any CPU
		{3F3950BE-0415-4DC7-AFFC-1A66353C8FB8}.Release|Any CPU.Build.0 = Release|Any CPU
	EndGlobalSection
	GlobalSection(SolutionProperties) = preSolution
		HideSolutionNode = FALSE
	EndGlobalSection
	GlobalSection(NestedProjects) = preSolution
		{142080DD-988E-482E-B91A-79393A00FAB8} = {B6BA044F-FCE6-4806-9FA2-020B277D3811}
		{CEAD6609-05A2-4556-AE01-DEBB3A1750FA} = {27BA65F2-8E40-4390-A3BC-16A2F2E293E6}
		{B6BA044F-FCE6-4806-9FA2-020B277D3811} = {CEAD6609-05A2-4556-AE01-DEBB3A1750FA}
		{4A6B35BF-1F02-4274-B93C-97EB036F71FC} = {B6BA044F-FCE6-4806-9FA2-020B277D3811}
		{3A422E71-5893-4041-A96F-2B16F8F27262} = {B6BA044F-FCE6-4806-9FA2-020B277D3811}
		{CD307734-3165-4B57-9AC0-210BC9E9C08B} = {CEAD6609-05A2-4556-AE01-DEBB3A1750FA}
		{D3A32386-305D-4194-AA6F-F8BA09352FBB} = {CEAD6609-05A2-4556-AE01-DEBB3A1750FA}
		{BC263DFF-DA8B-4EBC-806B-F3A362862DFE} = {CEAD6609-05A2-4556-AE01-DEBB3A1750FA}
		{566577F8-A069-4CE1-9CD4-163FCE58B299} = {CEAD6609-05A2-4556-AE01-DEBB3A1750FA}
		{468C4B34-7A60-4D89-8AF3-0CC440DB29C9} = {CEAD6609-05A2-4556-AE01-DEBB3A1750FA}
		{88BCA56E-94EE-4D62-B282-9486509ADE75} = {CD307734-3165-4B57-9AC0-210BC9E9C08B}
		{5467B647-FE2E-4A89-8A3A-E218A69776C1} = {88BCA56E-94EE-4D62-B282-9486509ADE75}
		{5FD28593-E886-4EF7-AEF7-6DF584807E39} = {88BCA56E-94EE-4D62-B282-9486509ADE75}
		{5C6C0BC6-8D13-40D2-87F3-507400196699} = {D3A32386-305D-4194-AA6F-F8BA09352FBB}
		{3990D883-7110-4616-825C-B0165A0A0A8F} = {D3A32386-305D-4194-AA6F-F8BA09352FBB}
		{31CB82F0-0B1D-424A-A435-2FC63AE6D39A} = {BC263DFF-DA8B-4EBC-806B-F3A362862DFE}
		{04614613-FB45-4040-AB53-908A73F613BE} = {E86672B3-211E-49EA-8717-B103502BE119}
		{5B4A9003-723A-4B5B-B1CB-634952360BD5} = {E86672B3-211E-49EA-8717-B103502BE119}
		{E86672B3-211E-49EA-8717-B103502BE119} = {566577F8-A069-4CE1-9CD4-163FCE58B299}
		{9894E7E7-D601-441A-A778-D5092A6F20E9} = {468C4B34-7A60-4D89-8AF3-0CC440DB29C9}
		{99120448-8635-48CB-A96B-14B3BEAE1D19} = {27BA65F2-8E40-4390-A3BC-16A2F2E293E6}
		{19FFB2B9-7C77-4605-89E4-3B6D5A035D94} = {27BA65F2-8E40-4390-A3BC-16A2F2E293E6}
		{4FE3ADAD-3EAF-45DC-9EFC-84E22399A0EF} = {27BA65F2-8E40-4390-A3BC-16A2F2E293E6}
		{B24260EE-F7BE-4E85-8799-1CE6778E9FFC} = {A571FFC9-59AE-4EBF-B037-7B8D5F37DFAC}
		{48B53628-482A-4230-A0F8-2CFCCDA99312} = {A571FFC9-59AE-4EBF-B037-7B8D5F37DFAC}
		{A571FFC9-59AE-4EBF-B037-7B8D5F37DFAC} = {19FFB2B9-7C77-4605-89E4-3B6D5A035D94}
		{6A73D302-B076-4F2D-810B-2992B81E5F17} = {19FFB2B9-7C77-4605-89E4-3B6D5A035D94}
		{E1320036-10D2-4689-9E8D-54DA928A6834} = {19FFB2B9-7C77-4605-89E4-3B6D5A035D94}
		{EB273815-0D7E-4EE5-B83A-FD7FDDB67015} = {19FFB2B9-7C77-4605-89E4-3B6D5A035D94}
		{4BB59F70-14C1-48E9-A7C6-5FF997F149E4} = {6A73D302-B076-4F2D-810B-2992B81E5F17}
		{A82B52BB-F32E-443A-B4C5-B94D25585619} = {4BB59F70-14C1-48E9-A7C6-5FF997F149E4}
		{1C335B57-7FAE-4937-A9FF-AE35ED157FA1} = {4BB59F70-14C1-48E9-A7C6-5FF997F149E4}
		{82D492CD-4C8A-4CD0-8659-4279CEA271AF} = {4BB59F70-14C1-48E9-A7C6-5FF997F149E4}
		{D6CEACA6-A562-4CE3-9021-9F14063A5C5C} = {566577F8-A069-4CE1-9CD4-163FCE58B299}
		{A9D6613C-73E1-4C69-AEEC-66617651FC0B} = {CD307734-3165-4B57-9AC0-210BC9E9C08B}
		{EC6BC6EB-4F50-4DDC-91AE-51472FB935A3} = {6A73D302-B076-4F2D-810B-2992B81E5F17}
		{B42B6A32-01F5-48D9-B86D-A89BF0243122} = {E1320036-10D2-4689-9E8D-54DA928A6834}
		{19F908E9-696B-45F3-BB0A-5A1F664C7BCC} = {EB273815-0D7E-4EE5-B83A-FD7FDDB67015}
		{3F981E7F-F75A-4DF5-B862-175F0CF98EC3} = {EB273815-0D7E-4EE5-B83A-FD7FDDB67015}
		{D2ACE3BD-B572-4C94-ADEF-3737FAF9AE2B} = {4FE3ADAD-3EAF-45DC-9EFC-84E22399A0EF}
		{13A37D24-D393-40A4-BF6D-6B3EC950369C} = {4FE3ADAD-3EAF-45DC-9EFC-84E22399A0EF}
		{63A693EA-067D-4D04-A6A2-B9FD86BF6A28} = {D2ACE3BD-B572-4C94-ADEF-3737FAF9AE2B}
		{00F6DED8-99BE-47BB-AF94-CC78C6CFB3FE} = {D2ACE3BD-B572-4C94-ADEF-3737FAF9AE2B}
		{FC7E4622-03EC-48AB-B724-8C777AA1AD04} = {00F6DED8-99BE-47BB-AF94-CC78C6CFB3FE}
		{E3E9E030-C634-4BFA-B3E2-868BC1966715} = {00F6DED8-99BE-47BB-AF94-CC78C6CFB3FE}
		{020DD268-A5F5-4D84-9F8D-64D3FA7FBD45} = {00F6DED8-99BE-47BB-AF94-CC78C6CFB3FE}
		{3F3950BE-0415-4DC7-AFFC-1A66353C8FB8} = {13A37D24-D393-40A4-BF6D-6B3EC950369C}
	EndGlobalSection
	GlobalSection(ExtensibilityGlobals) = postSolution
		SolutionGuid = {F32E6784-3F26-4936-8128-810C9B403051}
	EndGlobalSection
EndGlobal
