
Microsoft Visual Studio Solution File, Format Version 12.00
# Visual Studio 15
VisualStudioVersion = 15.0.27004.2009
MinimumVisualStudioVersion = 10.0.40219.1
Project("{2150E333-8FDC-42A3-9474-1A3956D46DE8}") = "01. Strategy DP", "01. Strategy DP", "{F7B6EAA0-8AE3-4923-8B95-FEB487273067}"
EndProject
Project("{FAE04EC0-301F-11D3-BF4B-00C04F79EFBC}") = "SamUDuck", "SamUDuck\SamUDuck.csproj", "{EED7451A-E887-49C1-BBAA-B1B097914D51}"
EndProject
Global
	GlobalSection(SolutionConfigurationPlatforms) = preSolution
		Debug|Any CPU = Debug|Any CPU
		Release|Any CPU = Release|Any CPU
	EndGlobalSection
	GlobalSection(ProjectConfigurationPlatforms) = postSolution
		{EED7451A-E887-49C1-BBAA-B1B097914D51}.Debug|Any CPU.ActiveCfg = Debug|Any CPU
		{EED7451A-E887-49C1-BBAA-B1B097914D51}.Debug|Any CPU.Build.0 = Debug|Any CPU
		{EED7451A-E887-49C1-BBAA-B1B097914D51}.Release|Any CPU.ActiveCfg = Release|Any CPU
		{EED7451A-E887-49C1-BBAA-B1B097914D51}.Release|Any CPU.Build.0 = Release|Any CPU
	EndGlobalSection
	GlobalSection(SolutionProperties) = preSolution
		HideSolutionNode = FALSE
	EndGlobalSection
	GlobalSection(NestedProjects) = preSolution
		{EED7451A-E887-49C1-BBAA-B1B097914D51} = {F7B6EAA0-8AE3-4923-8B95-FEB487273067}
	EndGlobalSection
	GlobalSection(ExtensibilityGlobals) = postSolution
		SolutionGuid = {60AE8735-A5B5-4066-B92B-FAB6D5520C2A}
	EndGlobalSection
EndGlobal
