
Microsoft Visual Studio Solution File, Format Version 12.00
# Visual Studio Version 16
VisualStudioVersion = 16.0.30218.91
MinimumVisualStudioVersion = 10.0.40219.1
Project("{9A19103F-16F7-4668-BE54-9A1E7A4F7556}") = "Command.Conceptual", "Behavioral\Command\Command.Conceptual\Command.Conceptual.csproj", "{E8E45CC6-A437-4C83-AACA-159228303E0A}"
EndProject
Project("{2150E333-8FDC-42A3-9474-1A3956D46DE8}") = "Behavioral", "Behavioral", "{EF1F3DA8-C39E-4904-A961-E8C448029CA2}"
EndProject
Project("{2150E333-8FDC-42A3-9474-1A3956D46DE8}") = "Command", "Command", "{04B180D6-3BC7-4421-8B84-840F869A2C07}"
EndProject
Project("{9A19103F-16F7-4668-BE54-9A1E7A4F7556}") = "RemoteControlAPI", "Behavioral\Command\RemoteControlAPI\RemoteControlAPI.csproj", "{5B35BEEA-81B9-4657-8920-F697217870AF}"
EndProject
Project("{9A19103F-16F7-4668-BE54-9A1E7A4F7556}") = "TextEditorApp", "Behavioral\Command\TextEditorApp\TextEditorApp.csproj", "{10985A92-1387-42FF-A7C7-A34B8A388DBA}"
EndProject
Project("{2150E333-8FDC-42A3-9474-1A3956D46DE8}") = "Iterator", "Iterator", "{6259D237-F431-4581-861F-978D8EB468C7}"
EndProject
Project("{2150E333-8FDC-42A3-9474-1A3956D46DE8}") = "Intermediate", "Intermediate", "{5B174D9D-5B4E-41B5-990F-D211C47FCE85}"
EndProject
Project("{2150E333-8FDC-42A3-9474-1A3956D46DE8}") = "Basic", "Basic", "{9DEAB1D3-4FB6-4A95-A283-74AB40CFB8B2}"
EndProject
Project("{9A19103F-16F7-4668-BE54-9A1E7A4F7556}") = "SocialNetworkSpammer", "Behavioral\Iterator\Intermediate\SocialNetworkSpammer\SocialNetworkSpammer.csproj", "{52626C5A-71D1-41D3-B99B-CB31CC6F6B2B}"
EndProject
Project("{9A19103F-16F7-4668-BE54-9A1E7A4F7556}") = "YummyHouse", "Behavioral\Iterator\Intermediate\YummyHouse\YummyHouse.csproj", "{9890D578-08F9-4FB5-B246-F76B385BA77A}"
EndProject
Project("{9A19103F-16F7-4668-BE54-9A1E7A4F7556}") = "Iterator.Conceptual", "Behavioral\Iterator\Basic\Iterator.Conceptual\Iterator.Conceptual.csproj", "{C6C6C32C-3594-4D0A-8602-E6486E970380}"
EndProject
Project("{2150E333-8FDC-42A3-9474-1A3956D46DE8}") = "Observer", "Observer", "{1F51A98D-48D5-449B-8A7D-FBB23AA905DA}"
EndProject
Project("{9A19103F-16F7-4668-BE54-9A1E7A4F7556}") = "WeatherStation", "Behavioral\Observer\WeatherStation\WeatherStation.csproj", "{11E1A29A-17D6-481D-8BA1-AC38627C8E94}"
EndProject
Project("{9A19103F-16F7-4668-BE54-9A1E7A4F7556}") = "Observer.Conceptual", "Behavioral\Observer\Observer.Conceptual\Observer.Conceptual.csproj", "{1BE7CD49-16B9-41D3-8285-F56D87F9A503}"
EndProject
Project("{2150E333-8FDC-42A3-9474-1A3956D46DE8}") = "Strategy", "Strategy", "{2017EC3F-114C-4AAC-9D65-16A724AE55CD}"
EndProject
Project("{2150E333-8FDC-42A3-9474-1A3956D46DE8}") = "Basic", "Basic", "{E67FC009-72B0-408A-AA1A-A0E77F263BEC}"
EndProject
Project("{2150E333-8FDC-42A3-9474-1A3956D46DE8}") = "Intermediate", "Intermediate", "{37B439E7-98FC-44CE-A603-38A44394ED9C}"
EndProject
Project("{9A19103F-16F7-4668-BE54-9A1E7A4F7556}") = "Strategy.Conceptual", "Behavioral\Strategy\Basic\Strategy.Conceptual\Strategy.Conceptual.csproj", "{CF638DBD-5729-4BBE-9DBE-502F530C16AA}"
EndProject
Project("{FAE04EC0-301F-11D3-BF4B-00C04F79EFBC}") = "SimUDuck", "Behavioral\Strategy\Intermediate\SimUDuck\SimUDuck.csproj", "{5B4A9003-723A-4B5B-B1CB-634952360BD5}"
EndProject
Project("{FAE04EC0-301F-11D3-BF4B-00C04F79EFBC}") = "Kingdom", "Behavioral\Strategy\Intermediate\Kingdom\Kingdom.csproj", "{04614613-FB45-4040-AB53-908A73F613BE}"
EndProject
Project("{2150E333-8FDC-42A3-9474-1A3956D46DE8}") = "Template", "Template", "{55AF89DC-6207-452E-B763-5BB6BB6391A4}"
EndProject
Project("{9A19103F-16F7-4668-BE54-9A1E7A4F7556}") = "StarbuzzCoffeeBarista", "Behavioral\Template\StarbuzzCoffeeBarista\StarbuzzCoffeeBarista.csproj", "{204E6DAA-448E-4332-BA38-E5EC23B973AE}"
EndProject
Project("{2150E333-8FDC-42A3-9474-1A3956D46DE8}") = "Structural", "Structural", "{934FF3B8-2D76-4F39-B7A7-46D60F9697CF}"
EndProject
Project("{2150E333-8FDC-42A3-9474-1A3956D46DE8}") = "Proxy", "Proxy", "{F26923CF-0ADC-4313-9F24-B53E4224BB9E}"
EndProject
Project("{2150E333-8FDC-42A3-9474-1A3956D46DE8}") = "Decorator", "Decorator", "{65F376EF-D0BA-496A-AA10-5AAEF19766B6}"
EndProject
Project("{2150E333-8FDC-42A3-9474-1A3956D46DE8}") = "Basic", "Basic", "{DF7B207C-0704-4BD1-88C0-C33653E56019}"
EndProject
Project("{2150E333-8FDC-42A3-9474-1A3956D46DE8}") = "Intermediate", "Intermediate", "{F75B4FD2-A40B-433B-B795-A6959E9047C3}"
EndProject
Project("{2150E333-8FDC-42A3-9474-1A3956D46DE8}") = "Advance", "Advance", "{BB27A936-40BE-4A3D-8300-E46CC283B9C9}"
EndProject
Project("{9A19103F-16F7-4668-BE54-9A1E7A4F7556}") = "Proxy.Conceptual", "Structural\Proxy\Proxy.Conceptual\Proxy.Conceptual.csproj", "{10536DA7-A55B-4612-904B-92C06AF5C755}"
EndProject
Project("{9A19103F-16F7-4668-BE54-9A1E7A4F7556}") = "Decorator.Conceptual", "Structural\Decorator\Basic\Decorator.Conceptual\Decorator.Conceptual.csproj", "{4CBCEA78-2743-4350-AC96-A3F01FC6EABA}"
EndProject
Project("{9A19103F-16F7-4668-BE54-9A1E7A4F7556}") = "ShopOrders", "Structural\Decorator\Intermediate\ShopOrders\ShopOrders.csproj", "{DA1E79CC-F730-4920-AC0A-290BE4869373}"
EndProject
Project("{9A19103F-16F7-4668-BE54-9A1E7A4F7556}") = "DataSaviour", "Structural\Decorator\Intermediate\DataSaviour\DataSaviour.csproj", "{7F2B614A-E6C0-4822-9F0F-D59EDB2EAC46}"
EndProject
Project("{9A19103F-16F7-4668-BE54-9A1E7A4F7556}") = "StarbuzzCoffee", "Structural\Decorator\Advance\StarbuzzCoffee\StarbuzzCoffee.csproj", "{90B2A410-7CF1-4036-B21A-9BB236E8A279}"
EndProject
Project("{2150E333-8FDC-42A3-9474-1A3956D46DE8}") = "Creational", "Creational", "{0586362F-DB19-46B4-B5B1-8096B1AEF5FF}"
EndProject
Project("{2150E333-8FDC-42A3-9474-1A3956D46DE8}") = "Prototype", "Prototype", "{34DBB2E0-30B0-4466-BA48-0ED87900EA54}"
EndProject
Project("{9A19103F-16F7-4668-BE54-9A1E7A4F7556}") = "Prototype.Conceptual", "Creational\Prototype\Prototype.Conceptual\Prototype.Conceptual.csproj", "{7FB4C667-31E1-458A-82BC-92F0DD1ACA35}"
EndProject
Project("{2150E333-8FDC-42A3-9474-1A3956D46DE8}") = "Singleton", "Singleton", "{E8BC15D4-2C11-4F3C-83C4-2423C07C74B2}"
EndProject
Project("{9A19103F-16F7-4668-BE54-9A1E7A4F7556}") = "SingletonBasics", "Creational\Singleton\SingletonBasics\SingletonBasics.csproj", "{C36BC6F7-036F-4D39-BF2A-63CFD470AF25}"
EndProject
Project("{FAE04EC0-301F-11D3-BF4B-00C04F79EFBC}") = "ChocolateFactory", "Creational\Singleton\ChocolateFactory\ChocolateFactory.csproj", "{19F908E9-696B-45F3-BB0A-5A1F664C7BCC}"
EndProject
Project("{2150E333-8FDC-42A3-9474-1A3956D46DE8}") = "AbstractFactory", "AbstractFactory", "{26A50B36-CFE4-4D8B-98E6-464DB9729530}"
EndProject
Project("{9A19103F-16F7-4668-BE54-9A1E7A4F7556}") = "FurnitureShop", "Creational\AbstractFactory\FurnitureShop\FurnitureShop.csproj", "{28FD9BA4-C4C8-4A5C-9AD5-F2ED36D7C91D}"
EndProject
Project("{9A19103F-16F7-4668-BE54-9A1E7A4F7556}") = "AbstractFactory.Conceptual", "Creational\AbstractFactory\AbstractFactory.Conceptual\AbstractFactory.Conceptual.csproj", "{6415A25F-8A46-42F9-84C5-AB971C33D611}"
EndProject
Project("{2150E333-8FDC-42A3-9474-1A3956D46DE8}") = "Factory", "Factory", "{22B69772-11BC-4AB2-AFE7-A2927B0E41E8}"
EndProject
Project("{2150E333-8FDC-42A3-9474-1A3956D46DE8}") = "Basic", "Basic", "{6A5FEB96-683A-4FF5-B1D4-4709037D08AF}"
EndProject
Project("{9A19103F-16F7-4668-BE54-9A1E7A4F7556}") = "FactoryMethod.Conceptual", "Creational\Factory\Basic\FactoryMethod.Conceptual\FactoryMethod.Conceptual.csproj", "{124DD48E-F4F9-4192-B759-A6164D8121AE}"
EndProject
Project("{2150E333-8FDC-42A3-9474-1A3956D46DE8}") = "Advance", "Advance", "{820E812E-5229-4C5F-BBF7-8463D0ECCD45}"
EndProject
Project("{9A19103F-16F7-4668-BE54-9A1E7A4F7556}") = "PizzaLab", "Creational\Factory\Advance\PizzaLab\PizzaLab.csproj", "{CDDA3A2F-9BBF-4A94-A68E-C0527E6F64E7}"
EndProject
Project("{9A19103F-16F7-4668-BE54-9A1E7A4F7556}") = "MailDelivery", "Creational\Factory\Advance\MailDelivery\MailDelivery.csproj", "{31D1CE3D-84F1-469B-8E52-C43C218959D5}"
EndProject
Project("{9A19103F-16F7-4668-BE54-9A1E7A4F7556}") = "LogisticsManagement", "Creational\Factory\Advance\LogisticsManagement\LogisticsManagement.csproj", "{2687AF00-A339-4D25-B878-8E0AA2CA5A03}"
EndProject
Project("{FAE04EC0-301F-11D3-BF4B-00C04F79EFBC}") = "Common", "Common\Common.csproj", "{45D3DA3D-F22D-4D49-B3FF-439C4AB1EF1C}"
EndProject
Global
	GlobalSection(SolutionConfigurationPlatforms) = preSolution
		Debug|Any CPU = Debug|Any CPU
		Release|Any CPU = Release|Any CPU
	EndGlobalSection
	GlobalSection(ProjectConfigurationPlatforms) = postSolution
		{E8E45CC6-A437-4C83-AACA-159228303E0A}.Debug|Any CPU.ActiveCfg = Debug|Any CPU
		{E8E45CC6-A437-4C83-AACA-159228303E0A}.Debug|Any CPU.Build.0 = Debug|Any CPU
		{E8E45CC6-A437-4C83-AACA-159228303E0A}.Release|Any CPU.ActiveCfg = Release|Any CPU
		{E8E45CC6-A437-4C83-AACA-159228303E0A}.Release|Any CPU.Build.0 = Release|Any CPU
		{5B35BEEA-81B9-4657-8920-F697217870AF}.Debug|Any CPU.ActiveCfg = Debug|Any CPU
		{5B35BEEA-81B9-4657-8920-F697217870AF}.Debug|Any CPU.Build.0 = Debug|Any CPU
		{5B35BEEA-81B9-4657-8920-F697217870AF}.Release|Any CPU.ActiveCfg = Release|Any CPU
		{5B35BEEA-81B9-4657-8920-F697217870AF}.Release|Any CPU.Build.0 = Release|Any CPU
		{10985A92-1387-42FF-A7C7-A34B8A388DBA}.Debug|Any CPU.ActiveCfg = Debug|Any CPU
		{10985A92-1387-42FF-A7C7-A34B8A388DBA}.Debug|Any CPU.Build.0 = Debug|Any CPU
		{10985A92-1387-42FF-A7C7-A34B8A388DBA}.Release|Any CPU.ActiveCfg = Release|Any CPU
		{10985A92-1387-42FF-A7C7-A34B8A388DBA}.Release|Any CPU.Build.0 = Release|Any CPU
		{52626C5A-71D1-41D3-B99B-CB31CC6F6B2B}.Debug|Any CPU.ActiveCfg = Debug|Any CPU
		{52626C5A-71D1-41D3-B99B-CB31CC6F6B2B}.Debug|Any CPU.Build.0 = Debug|Any CPU
		{52626C5A-71D1-41D3-B99B-CB31CC6F6B2B}.Release|Any CPU.ActiveCfg = Release|Any CPU
		{52626C5A-71D1-41D3-B99B-CB31CC6F6B2B}.Release|Any CPU.Build.0 = Release|Any CPU
		{9890D578-08F9-4FB5-B246-F76B385BA77A}.Debug|Any CPU.ActiveCfg = Debug|Any CPU
		{9890D578-08F9-4FB5-B246-F76B385BA77A}.Debug|Any CPU.Build.0 = Debug|Any CPU
		{9890D578-08F9-4FB5-B246-F76B385BA77A}.Release|Any CPU.ActiveCfg = Release|Any CPU
		{9890D578-08F9-4FB5-B246-F76B385BA77A}.Release|Any CPU.Build.0 = Release|Any CPU
		{C6C6C32C-3594-4D0A-8602-E6486E970380}.Debug|Any CPU.ActiveCfg = Debug|Any CPU
		{C6C6C32C-3594-4D0A-8602-E6486E970380}.Debug|Any CPU.Build.0 = Debug|Any CPU
		{C6C6C32C-3594-4D0A-8602-E6486E970380}.Release|Any CPU.ActiveCfg = Release|Any CPU
		{C6C6C32C-3594-4D0A-8602-E6486E970380}.Release|Any CPU.Build.0 = Release|Any CPU
		{11E1A29A-17D6-481D-8BA1-AC38627C8E94}.Debug|Any CPU.ActiveCfg = Debug|Any CPU
		{11E1A29A-17D6-481D-8BA1-AC38627C8E94}.Debug|Any CPU.Build.0 = Debug|Any CPU
		{11E1A29A-17D6-481D-8BA1-AC38627C8E94}.Release|Any CPU.ActiveCfg = Release|Any CPU
		{11E1A29A-17D6-481D-8BA1-AC38627C8E94}.Release|Any CPU.Build.0 = Release|Any CPU
		{1BE7CD49-16B9-41D3-8285-F56D87F9A503}.Debug|Any CPU.ActiveCfg = Debug|Any CPU
		{1BE7CD49-16B9-41D3-8285-F56D87F9A503}.Debug|Any CPU.Build.0 = Debug|Any CPU
		{1BE7CD49-16B9-41D3-8285-F56D87F9A503}.Release|Any CPU.ActiveCfg = Release|Any CPU
		{1BE7CD49-16B9-41D3-8285-F56D87F9A503}.Release|Any CPU.Build.0 = Release|Any CPU
		{CF638DBD-5729-4BBE-9DBE-502F530C16AA}.Debug|Any CPU.ActiveCfg = Debug|Any CPU
		{CF638DBD-5729-4BBE-9DBE-502F530C16AA}.Debug|Any CPU.Build.0 = Debug|Any CPU
		{CF638DBD-5729-4BBE-9DBE-502F530C16AA}.Release|Any CPU.ActiveCfg = Release|Any CPU
		{CF638DBD-5729-4BBE-9DBE-502F530C16AA}.Release|Any CPU.Build.0 = Release|Any CPU
		{5B4A9003-723A-4B5B-B1CB-634952360BD5}.Debug|Any CPU.ActiveCfg = Debug|Any CPU
		{5B4A9003-723A-4B5B-B1CB-634952360BD5}.Debug|Any CPU.Build.0 = Debug|Any CPU
		{5B4A9003-723A-4B5B-B1CB-634952360BD5}.Release|Any CPU.ActiveCfg = Release|Any CPU
		{5B4A9003-723A-4B5B-B1CB-634952360BD5}.Release|Any CPU.Build.0 = Release|Any CPU
		{04614613-FB45-4040-AB53-908A73F613BE}.Debug|Any CPU.ActiveCfg = Debug|Any CPU
		{04614613-FB45-4040-AB53-908A73F613BE}.Debug|Any CPU.Build.0 = Debug|Any CPU
		{04614613-FB45-4040-AB53-908A73F613BE}.Release|Any CPU.ActiveCfg = Release|Any CPU
		{04614613-FB45-4040-AB53-908A73F613BE}.Release|Any CPU.Build.0 = Release|Any CPU
		{204E6DAA-448E-4332-BA38-E5EC23B973AE}.Debug|Any CPU.ActiveCfg = Debug|Any CPU
		{204E6DAA-448E-4332-BA38-E5EC23B973AE}.Debug|Any CPU.Build.0 = Debug|Any CPU
		{204E6DAA-448E-4332-BA38-E5EC23B973AE}.Release|Any CPU.ActiveCfg = Release|Any CPU
		{204E6DAA-448E-4332-BA38-E5EC23B973AE}.Release|Any CPU.Build.0 = Release|Any CPU
		{10536DA7-A55B-4612-904B-92C06AF5C755}.Debug|Any CPU.ActiveCfg = Debug|Any CPU
		{10536DA7-A55B-4612-904B-92C06AF5C755}.Debug|Any CPU.Build.0 = Debug|Any CPU
		{10536DA7-A55B-4612-904B-92C06AF5C755}.Release|Any CPU.ActiveCfg = Release|Any CPU
		{10536DA7-A55B-4612-904B-92C06AF5C755}.Release|Any CPU.Build.0 = Release|Any CPU
		{4CBCEA78-2743-4350-AC96-A3F01FC6EABA}.Debug|Any CPU.ActiveCfg = Debug|Any CPU
		{4CBCEA78-2743-4350-AC96-A3F01FC6EABA}.Debug|Any CPU.Build.0 = Debug|Any CPU
		{4CBCEA78-2743-4350-AC96-A3F01FC6EABA}.Release|Any CPU.ActiveCfg = Release|Any CPU
		{4CBCEA78-2743-4350-AC96-A3F01FC6EABA}.Release|Any CPU.Build.0 = Release|Any CPU
		{DA1E79CC-F730-4920-AC0A-290BE4869373}.Debug|Any CPU.ActiveCfg = Debug|Any CPU
		{DA1E79CC-F730-4920-AC0A-290BE4869373}.Debug|Any CPU.Build.0 = Debug|Any CPU
		{DA1E79CC-F730-4920-AC0A-290BE4869373}.Release|Any CPU.ActiveCfg = Release|Any CPU
		{DA1E79CC-F730-4920-AC0A-290BE4869373}.Release|Any CPU.Build.0 = Release|Any CPU
		{7F2B614A-E6C0-4822-9F0F-D59EDB2EAC46}.Debug|Any CPU.ActiveCfg = Debug|Any CPU
		{7F2B614A-E6C0-4822-9F0F-D59EDB2EAC46}.Debug|Any CPU.Build.0 = Debug|Any CPU
		{7F2B614A-E6C0-4822-9F0F-D59EDB2EAC46}.Release|Any CPU.ActiveCfg = Release|Any CPU
		{7F2B614A-E6C0-4822-9F0F-D59EDB2EAC46}.Release|Any CPU.Build.0 = Release|Any CPU
		{90B2A410-7CF1-4036-B21A-9BB236E8A279}.Debug|Any CPU.ActiveCfg = Debug|Any CPU
		{90B2A410-7CF1-4036-B21A-9BB236E8A279}.Debug|Any CPU.Build.0 = Debug|Any CPU
		{90B2A410-7CF1-4036-B21A-9BB236E8A279}.Release|Any CPU.ActiveCfg = Release|Any CPU
		{90B2A410-7CF1-4036-B21A-9BB236E8A279}.Release|Any CPU.Build.0 = Release|Any CPU
		{7FB4C667-31E1-458A-82BC-92F0DD1ACA35}.Debug|Any CPU.ActiveCfg = Debug|Any CPU
		{7FB4C667-31E1-458A-82BC-92F0DD1ACA35}.Debug|Any CPU.Build.0 = Debug|Any CPU
		{7FB4C667-31E1-458A-82BC-92F0DD1ACA35}.Release|Any CPU.ActiveCfg = Release|Any CPU
		{7FB4C667-31E1-458A-82BC-92F0DD1ACA35}.Release|Any CPU.Build.0 = Release|Any CPU
		{C36BC6F7-036F-4D39-BF2A-63CFD470AF25}.Debug|Any CPU.ActiveCfg = Debug|Any CPU
		{C36BC6F7-036F-4D39-BF2A-63CFD470AF25}.Debug|Any CPU.Build.0 = Debug|Any CPU
		{C36BC6F7-036F-4D39-BF2A-63CFD470AF25}.Release|Any CPU.ActiveCfg = Release|Any CPU
		{C36BC6F7-036F-4D39-BF2A-63CFD470AF25}.Release|Any CPU.Build.0 = Release|Any CPU
		{19F908E9-696B-45F3-BB0A-5A1F664C7BCC}.Debug|Any CPU.ActiveCfg = Debug|Any CPU
		{19F908E9-696B-45F3-BB0A-5A1F664C7BCC}.Debug|Any CPU.Build.0 = Debug|Any CPU
		{19F908E9-696B-45F3-BB0A-5A1F664C7BCC}.Release|Any CPU.ActiveCfg = Release|Any CPU
		{19F908E9-696B-45F3-BB0A-5A1F664C7BCC}.Release|Any CPU.Build.0 = Release|Any CPU
		{28FD9BA4-C4C8-4A5C-9AD5-F2ED36D7C91D}.Debug|Any CPU.ActiveCfg = Debug|Any CPU
		{28FD9BA4-C4C8-4A5C-9AD5-F2ED36D7C91D}.Debug|Any CPU.Build.0 = Debug|Any CPU
		{28FD9BA4-C4C8-4A5C-9AD5-F2ED36D7C91D}.Release|Any CPU.ActiveCfg = Release|Any CPU
		{28FD9BA4-C4C8-4A5C-9AD5-F2ED36D7C91D}.Release|Any CPU.Build.0 = Release|Any CPU
		{6415A25F-8A46-42F9-84C5-AB971C33D611}.Debug|Any CPU.ActiveCfg = Debug|Any CPU
		{6415A25F-8A46-42F9-84C5-AB971C33D611}.Debug|Any CPU.Build.0 = Debug|Any CPU
		{6415A25F-8A46-42F9-84C5-AB971C33D611}.Release|Any CPU.ActiveCfg = Release|Any CPU
		{6415A25F-8A46-42F9-84C5-AB971C33D611}.Release|Any CPU.Build.0 = Release|Any CPU
		{124DD48E-F4F9-4192-B759-A6164D8121AE}.Debug|Any CPU.ActiveCfg = Debug|Any CPU
		{124DD48E-F4F9-4192-B759-A6164D8121AE}.Debug|Any CPU.Build.0 = Debug|Any CPU
		{124DD48E-F4F9-4192-B759-A6164D8121AE}.Release|Any CPU.ActiveCfg = Release|Any CPU
		{124DD48E-F4F9-4192-B759-A6164D8121AE}.Release|Any CPU.Build.0 = Release|Any CPU
		{CDDA3A2F-9BBF-4A94-A68E-C0527E6F64E7}.Debug|Any CPU.ActiveCfg = Debug|Any CPU
		{CDDA3A2F-9BBF-4A94-A68E-C0527E6F64E7}.Debug|Any CPU.Build.0 = Debug|Any CPU
		{CDDA3A2F-9BBF-4A94-A68E-C0527E6F64E7}.Release|Any CPU.ActiveCfg = Release|Any CPU
		{CDDA3A2F-9BBF-4A94-A68E-C0527E6F64E7}.Release|Any CPU.Build.0 = Release|Any CPU
		{31D1CE3D-84F1-469B-8E52-C43C218959D5}.Debug|Any CPU.ActiveCfg = Debug|Any CPU
		{31D1CE3D-84F1-469B-8E52-C43C218959D5}.Debug|Any CPU.Build.0 = Debug|Any CPU
		{31D1CE3D-84F1-469B-8E52-C43C218959D5}.Release|Any CPU.ActiveCfg = Release|Any CPU
		{31D1CE3D-84F1-469B-8E52-C43C218959D5}.Release|Any CPU.Build.0 = Release|Any CPU
		{2687AF00-A339-4D25-B878-8E0AA2CA5A03}.Debug|Any CPU.ActiveCfg = Debug|Any CPU
		{2687AF00-A339-4D25-B878-8E0AA2CA5A03}.Debug|Any CPU.Build.0 = Debug|Any CPU
		{2687AF00-A339-4D25-B878-8E0AA2CA5A03}.Release|Any CPU.ActiveCfg = Release|Any CPU
		{2687AF00-A339-4D25-B878-8E0AA2CA5A03}.Release|Any CPU.Build.0 = Release|Any CPU
		{45D3DA3D-F22D-4D49-B3FF-439C4AB1EF1C}.Debug|Any CPU.ActiveCfg = Debug|Any CPU
		{45D3DA3D-F22D-4D49-B3FF-439C4AB1EF1C}.Debug|Any CPU.Build.0 = Debug|Any CPU
		{45D3DA3D-F22D-4D49-B3FF-439C4AB1EF1C}.Release|Any CPU.ActiveCfg = Release|Any CPU
		{45D3DA3D-F22D-4D49-B3FF-439C4AB1EF1C}.Release|Any CPU.Build.0 = Release|Any CPU
	EndGlobalSection
	GlobalSection(SolutionProperties) = preSolution
		HideSolutionNode = FALSE
	EndGlobalSection
	GlobalSection(NestedProjects) = preSolution
		{E8E45CC6-A437-4C83-AACA-159228303E0A} = {04B180D6-3BC7-4421-8B84-840F869A2C07}
		{04B180D6-3BC7-4421-8B84-840F869A2C07} = {EF1F3DA8-C39E-4904-A961-E8C448029CA2}
		{5B35BEEA-81B9-4657-8920-F697217870AF} = {04B180D6-3BC7-4421-8B84-840F869A2C07}
		{10985A92-1387-42FF-A7C7-A34B8A388DBA} = {04B180D6-3BC7-4421-8B84-840F869A2C07}
		{6259D237-F431-4581-861F-978D8EB468C7} = {EF1F3DA8-C39E-4904-A961-E8C448029CA2}
		{5B174D9D-5B4E-41B5-990F-D211C47FCE85} = {6259D237-F431-4581-861F-978D8EB468C7}
		{9DEAB1D3-4FB6-4A95-A283-74AB40CFB8B2} = {6259D237-F431-4581-861F-978D8EB468C7}
		{52626C5A-71D1-41D3-B99B-CB31CC6F6B2B} = {5B174D9D-5B4E-41B5-990F-D211C47FCE85}
		{9890D578-08F9-4FB5-B246-F76B385BA77A} = {5B174D9D-5B4E-41B5-990F-D211C47FCE85}
		{C6C6C32C-3594-4D0A-8602-E6486E970380} = {9DEAB1D3-4FB6-4A95-A283-74AB40CFB8B2}
		{1F51A98D-48D5-449B-8A7D-FBB23AA905DA} = {EF1F3DA8-C39E-4904-A961-E8C448029CA2}
		{11E1A29A-17D6-481D-8BA1-AC38627C8E94} = {1F51A98D-48D5-449B-8A7D-FBB23AA905DA}
		{1BE7CD49-16B9-41D3-8285-F56D87F9A503} = {1F51A98D-48D5-449B-8A7D-FBB23AA905DA}
		{2017EC3F-114C-4AAC-9D65-16A724AE55CD} = {EF1F3DA8-C39E-4904-A961-E8C448029CA2}
		{E67FC009-72B0-408A-AA1A-A0E77F263BEC} = {2017EC3F-114C-4AAC-9D65-16A724AE55CD}
		{37B439E7-98FC-44CE-A603-38A44394ED9C} = {2017EC3F-114C-4AAC-9D65-16A724AE55CD}
		{CF638DBD-5729-4BBE-9DBE-502F530C16AA} = {E67FC009-72B0-408A-AA1A-A0E77F263BEC}
		{5B4A9003-723A-4B5B-B1CB-634952360BD5} = {37B439E7-98FC-44CE-A603-38A44394ED9C}
		{04614613-FB45-4040-AB53-908A73F613BE} = {37B439E7-98FC-44CE-A603-38A44394ED9C}
		{55AF89DC-6207-452E-B763-5BB6BB6391A4} = {EF1F3DA8-C39E-4904-A961-E8C448029CA2}
		{204E6DAA-448E-4332-BA38-E5EC23B973AE} = {55AF89DC-6207-452E-B763-5BB6BB6391A4}
		{F26923CF-0ADC-4313-9F24-B53E4224BB9E} = {934FF3B8-2D76-4F39-B7A7-46D60F9697CF}
		{65F376EF-D0BA-496A-AA10-5AAEF19766B6} = {934FF3B8-2D76-4F39-B7A7-46D60F9697CF}
		{DF7B207C-0704-4BD1-88C0-C33653E56019} = {65F376EF-D0BA-496A-AA10-5AAEF19766B6}
		{F75B4FD2-A40B-433B-B795-A6959E9047C3} = {65F376EF-D0BA-496A-AA10-5AAEF19766B6}
		{BB27A936-40BE-4A3D-8300-E46CC283B9C9} = {65F376EF-D0BA-496A-AA10-5AAEF19766B6}
		{10536DA7-A55B-4612-904B-92C06AF5C755} = {F26923CF-0ADC-4313-9F24-B53E4224BB9E}
		{4CBCEA78-2743-4350-AC96-A3F01FC6EABA} = {DF7B207C-0704-4BD1-88C0-C33653E56019}
		{DA1E79CC-F730-4920-AC0A-290BE4869373} = {F75B4FD2-A40B-433B-B795-A6959E9047C3}
		{7F2B614A-E6C0-4822-9F0F-D59EDB2EAC46} = {F75B4FD2-A40B-433B-B795-A6959E9047C3}
		{90B2A410-7CF1-4036-B21A-9BB236E8A279} = {BB27A936-40BE-4A3D-8300-E46CC283B9C9}
		{34DBB2E0-30B0-4466-BA48-0ED87900EA54} = {0586362F-DB19-46B4-B5B1-8096B1AEF5FF}
		{7FB4C667-31E1-458A-82BC-92F0DD1ACA35} = {34DBB2E0-30B0-4466-BA48-0ED87900EA54}
		{E8BC15D4-2C11-4F3C-83C4-2423C07C74B2} = {0586362F-DB19-46B4-B5B1-8096B1AEF5FF}
		{C36BC6F7-036F-4D39-BF2A-63CFD470AF25} = {E8BC15D4-2C11-4F3C-83C4-2423C07C74B2}
		{19F908E9-696B-45F3-BB0A-5A1F664C7BCC} = {E8BC15D4-2C11-4F3C-83C4-2423C07C74B2}
		{26A50B36-CFE4-4D8B-98E6-464DB9729530} = {0586362F-DB19-46B4-B5B1-8096B1AEF5FF}
		{28FD9BA4-C4C8-4A5C-9AD5-F2ED36D7C91D} = {26A50B36-CFE4-4D8B-98E6-464DB9729530}
		{6415A25F-8A46-42F9-84C5-AB971C33D611} = {26A50B36-CFE4-4D8B-98E6-464DB9729530}
		{22B69772-11BC-4AB2-AFE7-A2927B0E41E8} = {0586362F-DB19-46B4-B5B1-8096B1AEF5FF}
		{6A5FEB96-683A-4FF5-B1D4-4709037D08AF} = {22B69772-11BC-4AB2-AFE7-A2927B0E41E8}
		{124DD48E-F4F9-4192-B759-A6164D8121AE} = {6A5FEB96-683A-4FF5-B1D4-4709037D08AF}
		{820E812E-5229-4C5F-BBF7-8463D0ECCD45} = {22B69772-11BC-4AB2-AFE7-A2927B0E41E8}
		{CDDA3A2F-9BBF-4A94-A68E-C0527E6F64E7} = {820E812E-5229-4C5F-BBF7-8463D0ECCD45}
		{31D1CE3D-84F1-469B-8E52-C43C218959D5} = {820E812E-5229-4C5F-BBF7-8463D0ECCD45}
		{2687AF00-A339-4D25-B878-8E0AA2CA5A03} = {820E812E-5229-4C5F-BBF7-8463D0ECCD45}
	EndGlobalSection
	GlobalSection(ExtensibilityGlobals) = postSolution
		SolutionGuid = {099EC60B-B1B8-46BF-8403-9C396D0FBAEE}
	EndGlobalSection
EndGlobal
